// !$*UTF8*$!
{
	archiveVersion = 1;
	classes = {
	};
	objectVersion = 56;
	objects = {

/* Begin PBXBuildFile section */
		015656F72B18A241009E77D3 /* AppDelegate.swift in Sources */ = {isa = PBXBuildFile; fileRef = 015656F62B18A241009E77D3 /* AppDelegate.swift */; };
		015656F92B18A241009E77D3 /* SceneDelegate.swift in Sources */ = {isa = PBXBuildFile; fileRef = 015656F82B18A241009E77D3 /* SceneDelegate.swift */; };
		015657002B18A242009E77D3 /* Assets.xcassets in Resources */ = {isa = PBXBuildFile; fileRef = 015656FF2B18A242009E77D3 /* Assets.xcassets */; };
		015657032B18A242009E77D3 /* LaunchScreen.storyboard in Resources */ = {isa = PBXBuildFile; fileRef = 015657012B18A242009E77D3 /* LaunchScreen.storyboard */; };
		015657132B18A4D0009E77D3 /* HomeScreen.swift in Sources */ = {isa = PBXBuildFile; fileRef = 015657122B18A4D0009E77D3 /* HomeScreen.swift */; };
		015657152B18A50E009E77D3 /* NetworkManager.swift in Sources */ = {isa = PBXBuildFile; fileRef = 015657142B18A50E009E77D3 /* NetworkManager.swift */; };
		015657172B18AC23009E77D3 /* Movie.swift in Sources */ = {isa = PBXBuildFile; fileRef = 015657162B18AC23009E77D3 /* Movie.swift */; };
		015657192B18AF17009E77D3 /* MovieService.swift in Sources */ = {isa = PBXBuildFile; fileRef = 015657182B18AF17009E77D3 /* MovieService.swift */; };
		0156571B2B18B9B4009E77D3 /* APIURLs.swift in Sources */ = {isa = PBXBuildFile; fileRef = 0156571A2B18B9B4009E77D3 /* APIURLs.swift */; };
		0156571D2B18BA66009E77D3 /* HomeViewModel.swift in Sources */ = {isa = PBXBuildFile; fileRef = 0156571C2B18BA66009E77D3 /* HomeViewModel.swift */; };
		015657202B18C1E0009E77D3 /* UIView+Ext.swift in Sources */ = {isa = PBXBuildFile; fileRef = 0156571F2B18C1E0009E77D3 /* UIView+Ext.swift */; };
		015657222B18C52E009E77D3 /* UIHelper.swift in Sources */ = {isa = PBXBuildFile; fileRef = 015657212B18C52E009E77D3 /* UIHelper.swift */; };
		015657242B18C67C009E77D3 /* CGFloat+Ext.swift in Sources */ = {isa = PBXBuildFile; fileRef = 015657232B18C67C009E77D3 /* CGFloat+Ext.swift */; };
		015657262B18C8FA009E77D3 /* MovieCell.swift in Sources */ = {isa = PBXBuildFile; fileRef = 015657252B18C8FA009E77D3 /* MovieCell.swift */; };
		01F0BD0C2B1FD41600DF3FA4 /* UICollectionView+Ext.swift in Sources */ = {isa = PBXBuildFile; fileRef = 01F0BD0B2B1FD41600DF3FA4 /* UICollectionView+Ext.swift */; };
		01F0BD0E2B1FDA1E00DF3FA4 /* PosterImageView.swift in Sources */ = {isa = PBXBuildFile; fileRef = 01F0BD0D2B1FDA1E00DF3FA4 /* PosterImageView.swift */; };
		01F0BD112B1FF10D00DF3FA4 /* DetailScreen.swift in Sources */ = {isa = PBXBuildFile; fileRef = 01F0BD102B1FF10D00DF3FA4 /* DetailScreen.swift */; };
		01F0BD132B1FF3E200DF3FA4 /* DetailViewModel.swift in Sources */ = {isa = PBXBuildFile; fileRef = 01F0BD122B1FF3E200DF3FA4 /* DetailViewModel.swift */; };
/* End PBXBuildFile section */

/* Begin PBXFileReference section */
		015656F32B18A241009E77D3 /* MVVM-Example.app */ = {isa = PBXFileReference; explicitFileType = wrapper.application; includeInIndex = 0; path = "MVVM-Example.app"; sourceTree = BUILT_PRODUCTS_DIR; };
		015656F62B18A241009E77D3 /* AppDelegate.swift */ = {isa = PBXFileReference; lastKnownFileType = sourcecode.swift; path = AppDelegate.swift; sourceTree = "<group>"; };
		015656F82B18A241009E77D3 /* SceneDelegate.swift */ = {isa = PBXFileReference; lastKnownFileType = sourcecode.swift; path = SceneDelegate.swift; sourceTree = "<group>"; };
		015656FF2B18A242009E77D3 /* Assets.xcassets */ = {isa = PBXFileReference; lastKnownFileType = folder.assetcatalog; path = Assets.xcassets; sourceTree = "<group>"; };
		015657022B18A242009E77D3 /* Base */ = {isa = PBXFileReference; lastKnownFileType = file.storyboard; name = Base; path = Base.lproj/LaunchScreen.storyboard; sourceTree = "<group>"; };
		015657042B18A242009E77D3 /* Info.plist */ = {isa = PBXFileReference; lastKnownFileType = text.plist.xml; path = Info.plist; sourceTree = "<group>"; };
		015657122B18A4D0009E77D3 /* HomeScreen.swift */ = {isa = PBXFileReference; lastKnownFileType = sourcecode.swift; path = HomeScreen.swift; sourceTree = "<group>"; };
		015657142B18A50E009E77D3 /* NetworkManager.swift */ = {isa = PBXFileReference; lastKnownFileType = sourcecode.swift; path = NetworkManager.swift; sourceTree = "<group>"; };
		015657162B18AC23009E77D3 /* Movie.swift */ = {isa = PBXFileReference; lastKnownFileType = sourcecode.swift; path = Movie.swift; sourceTree = "<group>"; };
		015657182B18AF17009E77D3 /* MovieService.swift */ = {isa = PBXFileReference; lastKnownFileType = sourcecode.swift; path = MovieService.swift; sourceTree = "<group>"; };
		0156571A2B18B9B4009E77D3 /* APIURLs.swift */ = {isa = PBXFileReference; lastKnownFileType = sourcecode.swift; path = APIURLs.swift; sourceTree = "<group>"; };
		0156571C2B18BA66009E77D3 /* HomeViewModel.swift */ = {isa = PBXFileReference; lastKnownFileType = sourcecode.swift; path = HomeViewModel.swift; sourceTree = "<group>"; };
		0156571F2B18C1E0009E77D3 /* UIView+Ext.swift */ = {isa = PBXFileReference; lastKnownFileType = sourcecode.swift; path = "UIView+Ext.swift"; sourceTree = "<group>"; };
		015657212B18C52E009E77D3 /* UIHelper.swift */ = {isa = PBXFileReference; lastKnownFileType = sourcecode.swift; path = UIHelper.swift; sourceTree = "<group>"; };
		015657232B18C67C009E77D3 /* CGFloat+Ext.swift */ = {isa = PBXFileReference; lastKnownFileType = sourcecode.swift; path = "CGFloat+Ext.swift"; sourceTree = "<group>"; };
		015657252B18C8FA009E77D3 /* MovieCell.swift */ = {isa = PBXFileReference; lastKnownFileType = sourcecode.swift; path = MovieCell.swift; sourceTree = "<group>"; };
		01F0BD0B2B1FD41600DF3FA4 /* UICollectionView+Ext.swift */ = {isa = PBXFileReference; lastKnownFileType = sourcecode.swift; path = "UICollectionView+Ext.swift"; sourceTree = "<group>"; };
		01F0BD0D2B1FDA1E00DF3FA4 /* PosterImageView.swift */ = {isa = PBXFileReference; lastKnownFileType = sourcecode.swift; path = PosterImageView.swift; sourceTree = "<group>"; };
		01F0BD102B1FF10D00DF3FA4 /* DetailScreen.swift */ = {isa = PBXFileReference; lastKnownFileType = sourcecode.swift; path = DetailScreen.swift; sourceTree = "<group>"; };
		01F0BD122B1FF3E200DF3FA4 /* DetailViewModel.swift */ = {isa = PBXFileReference; lastKnownFileType = sourcecode.swift; path = DetailViewModel.swift; sourceTree = "<group>"; };
/* End PBXFileReference section */

/* Begin PBXFrameworksBuildPhase section */
		015656F02B18A241009E77D3 /* Frameworks */ = {
			isa = PBXFrameworksBuildPhase;
			buildActionMask = 2147483647;
			files = (
			);
			runOnlyForDeploymentPostprocessing = 0;
		};
/* End PBXFrameworksBuildPhase section */

/* Begin PBXGroup section */
		015656EA2B18A241009E77D3 = {
			isa = PBXGroup;
			children = (
				015656F52B18A241009E77D3 /* MVVM-Example */,
				015656F42B18A241009E77D3 /* Products */,
			);
			sourceTree = "<group>";
		};
		015656F42B18A241009E77D3 /* Products */ = {
			isa = PBXGroup;
			children = (
				015656F32B18A241009E77D3 /* MVVM-Example.app */,
			);
			name = Products;
			sourceTree = "<group>";
		};
		015656F52B18A241009E77D3 /* MVVM-Example */ = {
			isa = PBXGroup;
			children = (
				0156571E2B18C1CF009E77D3 /* Extensions */,
				0156570D2B18A423009E77D3 /* Core */,
				0156570C2B18A41D009E77D3 /* Models */,
				0156570B2B18A40C009E77D3 /* Servicies */,
				0156570A2B18A3EE009E77D3 /* Utilities */,
				015656F62B18A241009E77D3 /* AppDelegate.swift */,
				015656F82B18A241009E77D3 /* SceneDelegate.swift */,
				015656FF2B18A242009E77D3 /* Assets.xcassets */,
				015657012B18A242009E77D3 /* LaunchScreen.storyboard */,
				015657042B18A242009E77D3 /* Info.plist */,
			);
			path = "MVVM-Example";
			sourceTree = "<group>";
		};
		0156570A2B18A3EE009E77D3 /* Utilities */ = {
			isa = PBXGroup;
			children = (
				015657142B18A50E009E77D3 /* NetworkManager.swift */,
				0156571A2B18B9B4009E77D3 /* APIURLs.swift */,
				015657212B18C52E009E77D3 /* UIHelper.swift */,
			);
			path = Utilities;
			sourceTree = "<group>";
		};
		0156570B2B18A40C009E77D3 /* Servicies */ = {
			isa = PBXGroup;
			children = (
				015657182B18AF17009E77D3 /* MovieService.swift */,
			);
			path = Servicies;
			sourceTree = "<group>";
		};
		0156570C2B18A41D009E77D3 /* Models */ = {
			isa = PBXGroup;
			children = (
				015657162B18AC23009E77D3 /* Movie.swift */,
			);
			path = Models;
			sourceTree = "<group>";
		};
		0156570D2B18A423009E77D3 /* Core */ = {
			isa = PBXGroup;
			children = (
				01F0BD0F2B1FF0FA00DF3FA4 /* DetailScreen */,
				0156570F2B18A476009E77D3 /* HomeScreen */,
				0156570E2B18A438009E77D3 /* Components */,
			);
			path = Core;
			sourceTree = "<group>";
		};
		0156570E2B18A438009E77D3 /* Components */ = {
			isa = PBXGroup;
			children = (
				015657252B18C8FA009E77D3 /* MovieCell.swift */,
				01F0BD0D2B1FDA1E00DF3FA4 /* PosterImageView.swift */,
			);
			path = Components;
			sourceTree = "<group>";
		};
		0156570F2B18A476009E77D3 /* HomeScreen */ = {
			isa = PBXGroup;
			children = (
				015657122B18A4D0009E77D3 /* HomeScreen.swift */,
				0156571C2B18BA66009E77D3 /* HomeViewModel.swift */,
			);
			path = HomeScreen;
			sourceTree = "<group>";
		};
		0156571E2B18C1CF009E77D3 /* Extensions */ = {
			isa = PBXGroup;
			children = (
				0156571F2B18C1E0009E77D3 /* UIView+Ext.swift */,
				015657232B18C67C009E77D3 /* CGFloat+Ext.swift */,
				01F0BD0B2B1FD41600DF3FA4 /* UICollectionView+Ext.swift */,
			);
			path = Extensions;
			sourceTree = "<group>";
		};
		01F0BD0F2B1FF0FA00DF3FA4 /* DetailScreen */ = {
			isa = PBXGroup;
			children = (
				01F0BD102B1FF10D00DF3FA4 /* DetailScreen.swift */,
				01F0BD122B1FF3E200DF3FA4 /* DetailViewModel.swift */,
			);
			path = DetailScreen;
			sourceTree = "<group>";
		};
/* End PBXGroup section */

/* Begin PBXNativeTarget section */
		015656F22B18A241009E77D3 /* MVVM-Example */ = {
			isa = PBXNativeTarget;
			buildConfigurationList = 015657072B18A242009E77D3 /* Build configuration list for PBXNativeTarget "MVVM-Example" */;
			buildPhases = (
				015656EF2B18A241009E77D3 /* Sources */,
				015656F02B18A241009E77D3 /* Frameworks */,
				015656F12B18A241009E77D3 /* Resources */,
			);
			buildRules = (
			);
			dependencies = (
			);
			name = "MVVM-Example";
			productName = "MVVM-Example";
			productReference = 015656F32B18A241009E77D3 /* MVVM-Example.app */;
			productType = "com.apple.product-type.application";
		};
/* End PBXNativeTarget section */

/* Begin PBXProject section */
		015656EB2B18A241009E77D3 /* Project object */ = {
			isa = PBXProject;
			attributes = {
				BuildIndependentTargetsInParallel = 1;
				LastSwiftUpdateCheck = 1430;
				LastUpgradeCheck = 1430;
				TargetAttributes = {
					015656F22B18A241009E77D3 = {
						CreatedOnToolsVersion = 14.3.1;
					};
				};
			};
			buildConfigurationList = 015656EE2B18A241009E77D3 /* Build configuration list for PBXProject "MVVM-Example" */;
			compatibilityVersion = "Xcode 14.0";
			developmentRegion = en;
			hasScannedForEncodings = 0;
			knownRegions = (
				en,
				Base,
			);
			mainGroup = 015656EA2B18A241009E77D3;
			productRefGroup = 015656F42B18A241009E77D3 /* Products */;
			projectDirPath = "";
			projectRoot = "";
			targets = (
				015656F22B18A241009E77D3 /* MVVM-Example */,
			);
		};
/* End PBXProject section */

/* Begin PBXResourcesBuildPhase section */
		015656F12B18A241009E77D3 /* Resources */ = {
			isa = PBXResourcesBuildPhase;
			buildActionMask = 2147483647;
			files = (
				015657032B18A242009E77D3 /* LaunchScreen.storyboard in Resources */,
				015657002B18A242009E77D3 /* Assets.xcassets in Resources */,
			);
			runOnlyForDeploymentPostprocessing = 0;
		};
/* End PBXResourcesBuildPhase section */

/* Begin PBXSourcesBuildPhase section */
		015656EF2B18A241009E77D3 /* Sources */ = {
			isa = PBXSourcesBuildPhase;
			buildActionMask = 2147483647;
			files = (
				015657192B18AF17009E77D3 /* MovieService.swift in Sources */,
				015657152B18A50E009E77D3 /* NetworkManager.swift in Sources */,
				015657262B18C8FA009E77D3 /* MovieCell.swift in Sources */,
				015656F72B18A241009E77D3 /* AppDelegate.swift in Sources */,
				015657242B18C67C009E77D3 /* CGFloat+Ext.swift in Sources */,
				01F0BD112B1FF10D00DF3FA4 /* DetailScreen.swift in Sources */,
				01F0BD0E2B1FDA1E00DF3FA4 /* PosterImageView.swift in Sources */,
				015657222B18C52E009E77D3 /* UIHelper.swift in Sources */,
				0156571D2B18BA66009E77D3 /* HomeViewModel.swift in Sources */,
				015656F92B18A241009E77D3 /* SceneDelegate.swift in Sources */,
				015657202B18C1E0009E77D3 /* UIView+Ext.swift in Sources */,
				0156571B2B18B9B4009E77D3 /* APIURLs.swift in Sources */,
				015657132B18A4D0009E77D3 /* HomeScreen.swift in Sources */,
				01F0BD0C2B1FD41600DF3FA4 /* UICollectionView+Ext.swift in Sources */,
				015657172B18AC23009E77D3 /* Movie.swift in Sources */,
				01F0BD132B1FF3E200DF3FA4 /* DetailViewModel.swift in Sources */,
			);
			runOnlyForDeploymentPostprocessing = 0;
		};
/* End PBXSourcesBuildPhase section */

/* Begin PBXVariantGroup section */
		015657012B18A242009E77D3 /* LaunchScreen.storyboard */ = {
			isa = PBXVariantGroup;
			children = (
				015657022B18A242009E77D3 /* Base */,
			);
			name = LaunchScreen.storyboard;
			sourceTree = "<group>";
		};
/* End PBXVariantGroup section */

/* Begin XCBuildConfiguration section */
		015657052B18A242009E77D3 /* Debug */ = {
			isa = XCBuildConfiguration;
			buildSettings = {
				ALWAYS_SEARCH_USER_PATHS = NO;
				CLANG_ANALYZER_NONNULL = YES;
				CLANG_ANALYZER_NUMBER_OBJECT_CONVERSION = YES_AGGRESSIVE;
				CLANG_CXX_LANGUAGE_STANDARD = "gnu++20";
				CLANG_ENABLE_MODULES = YES;
				CLANG_ENABLE_OBJC_ARC = YES;
				CLANG_ENABLE_OBJC_WEAK = YES;
				CLANG_WARN_BLOCK_CAPTURE_AUTORELEASING = YES;
				CLANG_WARN_BOOL_CONVERSION = YES;
				CLANG_WARN_COMMA = YES;
				CLANG_WARN_CONSTANT_CONVERSION = YES;
				CLANG_WARN_DEPRECATED_OBJC_IMPLEMENTATIONS = YES;
				CLANG_WARN_DIRECT_OBJC_ISA_USAGE = YES_ERROR;
				CLANG_WARN_DOCUMENTATION_COMMENTS = YES;
				CLANG_WARN_EMPTY_BODY = YES;
				CLANG_WARN_ENUM_CONVERSION = YES;
				CLANG_WARN_INFINITE_RECURSION = YES;
				CLANG_WARN_INT_CONVERSION = YES;
				CLANG_WARN_NON_LITERAL_NULL_CONVERSION = YES;
				CLANG_WARN_OBJC_IMPLICIT_RETAIN_SELF = YES;
				CLANG_WARN_OBJC_LITERAL_CONVERSION = YES;
				CLANG_WARN_OBJC_ROOT_CLASS = YES_ERROR;
				CLANG_WARN_QUOTED_INCLUDE_IN_FRAMEWORK_HEADER = YES;
				CLANG_WARN_RANGE_LOOP_ANALYSIS = YES;
				CLANG_WARN_STRICT_PROTOTYPES = YES;
				CLANG_WARN_SUSPICIOUS_MOVE = YES;
				CLANG_WARN_UNGUARDED_AVAILABILITY = YES_AGGRESSIVE;
				CLANG_WARN_UNREACHABLE_CODE = YES;
				CLANG_WARN__DUPLICATE_METHOD_MATCH = YES;
				COPY_PHASE_STRIP = NO;
				DEBUG_INFORMATION_FORMAT = dwarf;
				ENABLE_STRICT_OBJC_MSGSEND = YES;
				ENABLE_TESTABILITY = YES;
				GCC_C_LANGUAGE_STANDARD = gnu11;
				GCC_DYNAMIC_NO_PIC = NO;
				GCC_NO_COMMON_BLOCKS = YES;
				GCC_OPTIMIZATION_LEVEL = 0;
				GCC_PREPROCESSOR_DEFINITIONS = (
					"DEBUG=1",
					"$(inherited)",
				);
				GCC_WARN_64_TO_32_BIT_CONVERSION = YES;
				GCC_WARN_ABOUT_RETURN_TYPE = YES_ERROR;
				GCC_WARN_UNDECLARED_SELECTOR = YES;
				GCC_WARN_UNINITIALIZED_AUTOS = YES_AGGRESSIVE;
				GCC_WARN_UNUSED_FUNCTION = YES;
				GCC_WARN_UNUSED_VARIABLE = YES;
				IPHONEOS_DEPLOYMENT_TARGET = 16.4;
				MTL_ENABLE_DEBUG_INFO = INCLUDE_SOURCE;
				MTL_FAST_MATH = YES;
				ONLY_ACTIVE_ARCH = YES;
				SDKROOT = iphoneos;
				SWIFT_ACTIVE_COMPILATION_CONDITIONS = DEBUG;
				SWIFT_OPTIMIZATION_LEVEL = "-Onone";
			};
			name = Debug;
		};
		015657062B18A242009E77D3 /* Release */ = {
			isa = XCBuildConfiguration;
			buildSettings = {
				ALWAYS_SEARCH_USER_PATHS = NO;
				CLANG_ANALYZER_NONNULL = YES;
				CLANG_ANALYZER_NUMBER_OBJECT_CONVERSION = YES_AGGRESSIVE;
				CLANG_CXX_LANGUAGE_STANDARD = "gnu++20";
				CLANG_ENABLE_MODULES = YES;
				CLANG_ENABLE_OBJC_ARC = YES;
				CLANG_ENABLE_OBJC_WEAK = YES;
				CLANG_WARN_BLOCK_CAPTURE_AUTORELEASING = YES;
				CLANG_WARN_BOOL_CONVERSION = YES;
				CLANG_WARN_COMMA = YES;
				CLANG_WARN_CONSTANT_CONVERSION = YES;
				CLANG_WARN_DEPRECATED_OBJC_IMPLEMENTATIONS = YES;
				CLANG_WARN_DIRECT_OBJC_ISA_USAGE = YES_ERROR;
				CLANG_WARN_DOCUMENTATION_COMMENTS = YES;
				CLANG_WARN_EMPTY_BODY = YES;
				CLANG_WARN_ENUM_CONVERSION = YES;
				CLANG_WARN_INFINITE_RECURSION = YES;
				CLANG_WARN_INT_CONVERSION = YES;
				CLANG_WARN_NON_LITERAL_NULL_CONVERSION = YES;
				CLANG_WARN_OBJC_IMPLICIT_RETAIN_SELF = YES;
				CLANG_WARN_OBJC_LITERAL_CONVERSION = YES;
				CLANG_WARN_OBJC_ROOT_CLASS = YES_ERROR;
				CLANG_WARN_QUOTED_INCLUDE_IN_FRAMEWORK_HEADER = YES;
				CLANG_WARN_RANGE_LOOP_ANALYSIS = YES;
				CLANG_WARN_STRICT_PROTOTYPES = YES;
				CLANG_WARN_SUSPICIOUS_MOVE = YES;
				CLANG_WARN_UNGUARDED_AVAILABILITY = YES_AGGRESSIVE;
				CLANG_WARN_UNREACHABLE_CODE = YES;
				CLANG_WARN__DUPLICATE_METHOD_MATCH = YES;
				COPY_PHASE_STRIP = NO;
				DEBUG_INFORMATION_FORMAT = "dwarf-with-dsym";
				ENABLE_NS_ASSERTIONS = NO;
				ENABLE_STRICT_OBJC_MSGSEND = YES;
				GCC_C_LANGUAGE_STANDARD = gnu11;
				GCC_NO_COMMON_BLOCKS = YES;
				GCC_WARN_64_TO_32_BIT_CONVERSION = YES;
				GCC_WARN_ABOUT_RETURN_TYPE = YES_ERROR;
				GCC_WARN_UNDECLARED_SELECTOR = YES;
				GCC_WARN_UNINITIALIZED_AUTOS = YES_AGGRESSIVE;
				GCC_WARN_UNUSED_FUNCTION = YES;
				GCC_WARN_UNUSED_VARIABLE = YES;
				IPHONEOS_DEPLOYMENT_TARGET = 16.4;
				MTL_ENABLE_DEBUG_INFO = NO;
				MTL_FAST_MATH = YES;
				SDKROOT = iphoneos;
				SWIFT_COMPILATION_MODE = wholemodule;
				SWIFT_OPTIMIZATION_LEVEL = "-O";
				VALIDATE_PRODUCT = YES;
			};
			name = Release;
		};
		015657082B18A242009E77D3 /* Debug */ = {
			isa = XCBuildConfiguration;
			buildSettings = {
				ASSETCATALOG_COMPILER_APPICON_NAME = AppIcon;
				ASSETCATALOG_COMPILER_GLOBAL_ACCENT_COLOR_NAME = AccentColor;
				CODE_SIGN_STYLE = Automatic;
				CURRENT_PROJECT_VERSION = 1;
				DEVELOPMENT_TEAM = BQK5Q6G673;
				GENERATE_INFOPLIST_FILE = YES;
				INFOPLIST_FILE = "MVVM-Example/Info.plist";
				INFOPLIST_KEY_UIApplicationSupportsIndirectInputEvents = YES;
				INFOPLIST_KEY_UILaunchStoryboardName = LaunchScreen;
				INFOPLIST_KEY_UIStatusBarStyle = "";
				INFOPLIST_KEY_UISupportedInterfaceOrientations_iPad = "UIInterfaceOrientationPortrait UIInterfaceOrientationPortraitUpsideDown UIInterfaceOrientationLandscapeLeft UIInterfaceOrientationLandscapeRight";
				INFOPLIST_KEY_UISupportedInterfaceOrientations_iPhone = "UIInterfaceOrientationPortrait UIInterfaceOrientationLandscapeLeft UIInterfaceOrientationLandscapeRight";
				LD_RUNPATH_SEARCH_PATHS = (
					"$(inherited)",
					"@executable_path/Frameworks",
				);
				MARKETING_VERSION = 1.0;
				PRODUCT_BUNDLE_IDENTIFIER = "com.example.MVVM-Example";
				PRODUCT_NAME = "$(TARGET_NAME)";
				SWIFT_EMIT_LOC_STRINGS = YES;
				SWIFT_VERSION = 5.0;
				TARGETED_DEVICE_FAMILY = "1,2";
			};
			name = Debug;
		};
		015657092B18A242009E77D3 /* Release */ = {
			isa = XCBuildConfiguration;
			buildSettings = {
				ASSETCATALOG_COMPILER_APPICON_NAME = AppIcon;
				ASSETCATALOG_COMPILER_GLOBAL_ACCENT_COLOR_NAME = AccentColor;
				CODE_SIGN_STYLE = Automatic;
				CURRENT_PROJECT_VERSION = 1;
				DEVELOPMENT_TEAM = BQK5Q6G673;
				GENERATE_INFOPLIST_FILE = YES;
				INFOPLIST_FILE = "MVVM-Example/Info.plist";
				INFOPLIST_KEY_UIApplicationSupportsIndirectInputEvents = YES;
				INFOPLIST_KEY_UILaunchStoryboardName = LaunchScreen;
				INFOPLIST_KEY_UIStatusBarStyle = "";
				INFOPLIST_KEY_UISupportedInterfaceOrientations_iPad = "UIInterfaceOrientationPortrait UIInterfaceOrientationPortraitUpsideDown UIInterfaceOrientationLandscapeLeft UIInterfaceOrientationLandscapeRight";
				INFOPLIST_KEY_UISupportedInterfaceOrientations_iPhone = "UIInterfaceOrientationPortrait UIInterfaceOrientationLandscapeLeft UIInterfaceOrientationLandscapeRight";
				LD_RUNPATH_SEARCH_PATHS = (
					"$(inherited)",
					"@executable_path/Frameworks",
				);
				MARKETING_VERSION = 1.0;
				PRODUCT_BUNDLE_IDENTIFIER = "com.example.MVVM-Example";
				PRODUCT_NAME = "$(TARGET_NAME)";
				SWIFT_EMIT_LOC_STRINGS = YES;
				SWIFT_VERSION = 5.0;
				TARGETED_DEVICE_FAMILY = "1,2";
			};
			name = Release;
		};
/* End XCBuildConfiguration section */

/* Begin XCConfigurationList section */
		015656EE2B18A241009E77D3 /* Build configuration list for PBXProject "MVVM-Example" */ = {
			isa = XCConfigurationList;
			buildConfigurations = (
				015657052B18A242009E77D3 /* Debug */,
				015657062B18A242009E77D3 /* Release */,
			);
			defaultConfigurationIsVisible = 0;
			defaultConfigurationName = Release;
		};
		015657072B18A242009E77D3 /* Build configuration list for PBXNativeTarget "MVVM-Example" */ = {
			isa = XCConfigurationList;
			buildConfigurations = (
				015657082B18A242009E77D3 /* Debug */,
				015657092B18A242009E77D3 /* Release */,
			);
			defaultConfigurationIsVisible = 0;
			defaultConfigurationName = Release;
		};
/* End XCConfigurationList section */
	};
	rootObject = 015656EB2B18A241009E77D3 /* Project object */;
}
